// !$*UTF8*$!
{
	archiveVersion = 1;
	classes = {
	};
	objectVersion = 46;
	objects = {

/* Begin PBXBuildFile section */
		3A012CC91DDEDFB80035329C /* AppDelegate.swift in Sources */ = {isa = PBXBuildFile; fileRef = 3A012CC81DDEDFB80035329C /* AppDelegate.swift */; };
		3A012CCB1DDEDFB80035329C /* TrackingViewController.swift in Sources */ = {isa = PBXBuildFile; fileRef = 3A012CCA1DDEDFB80035329C /* TrackingViewController.swift */; };
		3A012CCE1DDEDFB80035329C /* Main.storyboard in Resources */ = {isa = PBXBuildFile; fileRef = 3A012CCC1DDEDFB80035329C /* Main.storyboard */; };
		3A012CD01DDEDFB80035329C /* Assets.xcassets in Resources */ = {isa = PBXBuildFile; fileRef = 3A012CCF1DDEDFB80035329C /* Assets.xcassets */; };
		3A012CD31DDEDFB80035329C /* LaunchScreen.storyboard in Resources */ = {isa = PBXBuildFile; fileRef = 3A012CD11DDEDFB80035329C /* LaunchScreen.storyboard */; };
		3A012CDE1DDEDFB80035329C /* WorkItTests.swift in Sources */ = {isa = PBXBuildFile; fileRef = 3A012CDD1DDEDFB80035329C /* WorkItTests.swift */; };
		3A012CE91DDEDFB80035329C /* WorkItUITests.swift in Sources */ = {isa = PBXBuildFile; fileRef = 3A012CE81DDEDFB80035329C /* WorkItUITests.swift */; };
		3A012CF71DE0DCA60035329C /* WorkoutLogViewController.swift in Sources */ = {isa = PBXBuildFile; fileRef = 3A012CF61DE0DCA60035329C /* WorkoutLogViewController.swift */; };
		3A125E231DE968430082AAC5 /* LoginViewController.swift in Sources */ = {isa = PBXBuildFile; fileRef = 3A125E221DE968430082AAC5 /* LoginViewController.swift */; };
		3A332C311DE574CB009BF666 /* EditProfileViewController.swift in Sources */ = {isa = PBXBuildFile; fileRef = 3A332C301DE574CB009BF666 /* EditProfileViewController.swift */; };
		3A5331271DF779DA00C47C17 /* NearbyPlaces.swift in Sources */ = {isa = PBXBuildFile; fileRef = 3A5331261DF779DA00C47C17 /* NearbyPlaces.swift */; };
		3AEEAC7A1DE522E000F6F026 /* ProfileViewController.swift in Sources */ = {isa = PBXBuildFile; fileRef = 3AEEAC791DE522E000F6F026 /* ProfileViewController.swift */; };
		3AEEAC7C1DE5232600F6F026 /* NearbyViewController.swift in Sources */ = {isa = PBXBuildFile; fileRef = 3AEEAC7B1DE5232600F6F026 /* NearbyViewController.swift */; };
		3AEEAC7E1DE5234800F6F026 /* GoalsViewController.swift in Sources */ = {isa = PBXBuildFile; fileRef = 3AEEAC7D1DE5234800F6F026 /* GoalsViewController.swift */; };
		3AEEAC801DE525A900F6F026 /* CustomExerciseViewController.swift in Sources */ = {isa = PBXBuildFile; fileRef = 3AEEAC7F1DE525A900F6F026 /* CustomExerciseViewController.swift */; };
		3AFA1CB71DF8C94E0020B2B8 /* Exercises.swift in Sources */ = {isa = PBXBuildFile; fileRef = 3AFA1CB61DF8C94E0020B2B8 /* Exercises.swift */; };
		4272A72C16C8732F295AB429 /* Pods_WorkIt.framework in Frameworks */ = {isa = PBXBuildFile; fileRef = 389C02E5ADAB419516002B15 /* Pods_WorkIt.framework */; };
		50524773C61A24922A4C3DB5 /* Pods_WorkItUITests.framework in Frameworks */ = {isa = PBXBuildFile; fileRef = F4A09FC599966EB56D03357A /* Pods_WorkItUITests.framework */; };
		A559722052B300669207EDBF /* Pods_WorkItTests.framework in Frameworks */ = {isa = PBXBuildFile; fileRef = 94551FADFFBD105D7EF6ACAA /* Pods_WorkItTests.framework */; };
		BF9F42DF22D5B8E40062A3BE /* WorkIt.xcdatamodeld in Sources */ = {isa = PBXBuildFile; fileRef = BF9F42DD22D5B8E40062A3BE /* WorkIt.xcdatamodeld */; };
		BFB2688622D8129900C6806E /* GoalsCollectionReusableView.swift in Sources */ = {isa = PBXBuildFile; fileRef = BFB2688522D8129900C6806E /* GoalsCollectionReusableView.swift */; };
/* End PBXBuildFile section */

/* Begin PBXContainerItemProxy section */
		3A012CDA1DDEDFB80035329C /* PBXContainerItemProxy */ = {
			isa = PBXContainerItemProxy;
			containerPortal = 3A012CBD1DDEDFB80035329C /* Project object */;
			proxyType = 1;
			remoteGlobalIDString = 3A012CC41DDEDFB80035329C;
			remoteInfo = WorkIt;
		};
		3A012CE51DDEDFB80035329C /* PBXContainerItemProxy */ = {
			isa = PBXContainerItemProxy;
			containerPortal = 3A012CBD1DDEDFB80035329C /* Project object */;
			proxyType = 1;
			remoteGlobalIDString = 3A012CC41DDEDFB80035329C;
			remoteInfo = WorkIt;
		};
/* End PBXContainerItemProxy section */

/* Begin PBXFileReference section */
		389C02E5ADAB419516002B15 /* Pods_WorkIt.framework */ = {isa = PBXFileReference; explicitFileType = wrapper.framework; includeInIndex = 0; path = Pods_WorkIt.framework; sourceTree = BUILT_PRODUCTS_DIR; };
		3A012CC51DDEDFB80035329C /* WorkIt.app */ = {isa = PBXFileReference; explicitFileType = wrapper.application; includeInIndex = 0; path = WorkIt.app; sourceTree = BUILT_PRODUCTS_DIR; };
		3A012CC81DDEDFB80035329C /* AppDelegate.swift */ = {isa = PBXFileReference; lastKnownFileType = sourcecode.swift; path = AppDelegate.swift; sourceTree = "<group>"; };
		3A012CCA1DDEDFB80035329C /* TrackingViewController.swift */ = {isa = PBXFileReference; lastKnownFileType = sourcecode.swift; path = TrackingViewController.swift; sourceTree = "<group>"; };
		3A012CCD1DDEDFB80035329C /* Base */ = {isa = PBXFileReference; lastKnownFileType = file.storyboard; name = Base; path = Base.lproj/Main.storyboard; sourceTree = "<group>"; };
		3A012CCF1DDEDFB80035329C /* Assets.xcassets */ = {isa = PBXFileReference; lastKnownFileType = folder.assetcatalog; path = Assets.xcassets; sourceTree = "<group>"; };
		3A012CD21DDEDFB80035329C /* Base */ = {isa = PBXFileReference; lastKnownFileType = file.storyboard; name = Base; path = Base.lproj/LaunchScreen.storyboard; sourceTree = "<group>"; };
		3A012CD41DDEDFB80035329C /* Info.plist */ = {isa = PBXFileReference; lastKnownFileType = text.plist.xml; path = Info.plist; sourceTree = "<group>"; };
		3A012CD91DDEDFB80035329C /* WorkItTests.xctest */ = {isa = PBXFileReference; explicitFileType = wrapper.cfbundle; includeInIndex = 0; path = WorkItTests.xctest; sourceTree = BUILT_PRODUCTS_DIR; };
		3A012CDD1DDEDFB80035329C /* WorkItTests.swift */ = {isa = PBXFileReference; lastKnownFileType = sourcecode.swift; path = WorkItTests.swift; sourceTree = "<group>"; };
		3A012CDF1DDEDFB80035329C /* Info.plist */ = {isa = PBXFileReference; lastKnownFileType = text.plist.xml; path = Info.plist; sourceTree = "<group>"; };
		3A012CE41DDEDFB80035329C /* WorkItUITests.xctest */ = {isa = PBXFileReference; explicitFileType = wrapper.cfbundle; includeInIndex = 0; path = WorkItUITests.xctest; sourceTree = BUILT_PRODUCTS_DIR; };
		3A012CE81DDEDFB80035329C /* WorkItUITests.swift */ = {isa = PBXFileReference; lastKnownFileType = sourcecode.swift; path = WorkItUITests.swift; sourceTree = "<group>"; };
		3A012CEA1DDEDFB80035329C /* Info.plist */ = {isa = PBXFileReference; lastKnownFileType = text.plist.xml; path = Info.plist; sourceTree = "<group>"; };
		3A012CF61DE0DCA60035329C /* WorkoutLogViewController.swift */ = {isa = PBXFileReference; fileEncoding = 4; lastKnownFileType = sourcecode.swift; path = WorkoutLogViewController.swift; sourceTree = "<group>"; };
		3A125E1E1DE9644C0082AAC5 /* FBSDKLoginKit.framework */ = {isa = PBXFileReference; lastKnownFileType = wrapper.framework; name = FBSDKLoginKit.framework; path = ../../Documents/FacebookSDK/FBSDKLoginKit.framework; sourceTree = "<group>"; };
		3A125E201DE9645B0082AAC5 /* FBSDKCoreKit.framework */ = {isa = PBXFileReference; lastKnownFileType = wrapper.framework; name = FBSDKCoreKit.framework; path = ../../Documents/FacebookSDK/FBSDKCoreKit.framework; sourceTree = "<group>"; };
		3A125E221DE968430082AAC5 /* LoginViewController.swift */ = {isa = PBXFileReference; fileEncoding = 4; lastKnownFileType = sourcecode.swift; path = LoginViewController.swift; sourceTree = "<group>"; };
		3A125E241DE974B20082AAC5 /* WorkIt.entitlements */ = {isa = PBXFileReference; lastKnownFileType = text.plist.entitlements; path = WorkIt.entitlements; sourceTree = "<group>"; };
		3A332C301DE574CB009BF666 /* EditProfileViewController.swift */ = {isa = PBXFileReference; fileEncoding = 4; lastKnownFileType = sourcecode.swift; path = EditProfileViewController.swift; sourceTree = "<group>"; };
		3A5331261DF779DA00C47C17 /* NearbyPlaces.swift */ = {isa = PBXFileReference; fileEncoding = 4; lastKnownFileType = sourcecode.swift; path = NearbyPlaces.swift; sourceTree = "<group>"; };
		3AEEAC791DE522E000F6F026 /* ProfileViewController.swift */ = {isa = PBXFileReference; fileEncoding = 4; lastKnownFileType = sourcecode.swift; path = ProfileViewController.swift; sourceTree = "<group>"; };
		3AEEAC7B1DE5232600F6F026 /* NearbyViewController.swift */ = {isa = PBXFileReference; fileEncoding = 4; lastKnownFileType = sourcecode.swift; path = NearbyViewController.swift; sourceTree = "<group>"; };
		3AEEAC7D1DE5234800F6F026 /* GoalsViewController.swift */ = {isa = PBXFileReference; fileEncoding = 4; lastKnownFileType = sourcecode.swift; path = GoalsViewController.swift; sourceTree = "<group>"; };
		3AEEAC7F1DE525A900F6F026 /* CustomExerciseViewController.swift */ = {isa = PBXFileReference; fileEncoding = 4; lastKnownFileType = sourcecode.swift; path = CustomExerciseViewController.swift; sourceTree = "<group>"; };
		3AFA1CB61DF8C94E0020B2B8 /* Exercises.swift */ = {isa = PBXFileReference; fileEncoding = 4; lastKnownFileType = sourcecode.swift; path = Exercises.swift; sourceTree = "<group>"; };
		5AE788B0A96E138DAA2652E0 /* Pods-WorkItUITests.debug.xcconfig */ = {isa = PBXFileReference; includeInIndex = 1; lastKnownFileType = text.xcconfig; name = "Pods-WorkItUITests.debug.xcconfig"; path = "Pods/Target Support Files/Pods-WorkItUITests/Pods-WorkItUITests.debug.xcconfig"; sourceTree = "<group>"; };
		77B6625BCE4D6AE539B0DABF /* Pods-WorkIt.release.xcconfig */ = {isa = PBXFileReference; includeInIndex = 1; lastKnownFileType = text.xcconfig; name = "Pods-WorkIt.release.xcconfig"; path = "Pods/Target Support Files/Pods-WorkIt/Pods-WorkIt.release.xcconfig"; sourceTree = "<group>"; };
		94551FADFFBD105D7EF6ACAA /* Pods_WorkItTests.framework */ = {isa = PBXFileReference; explicitFileType = wrapper.framework; includeInIndex = 0; path = Pods_WorkItTests.framework; sourceTree = BUILT_PRODUCTS_DIR; };
		BF9F42DE22D5B8E40062A3BE /* WorkIt.xcdatamodel */ = {isa = PBXFileReference; lastKnownFileType = wrapper.xcdatamodel; path = WorkIt.xcdatamodel; sourceTree = "<group>"; };
		BFB2688522D8129900C6806E /* GoalsCollectionReusableView.swift */ = {isa = PBXFileReference; lastKnownFileType = sourcecode.swift; path = GoalsCollectionReusableView.swift; sourceTree = "<group>"; };
		BFB2688722D87A8300C6806E /* Pasadena.gpx */ = {isa = PBXFileReference; lastKnownFileType = text.xml; path = Pasadena.gpx; sourceTree = "<group>"; };
		E1E2E0C78BA7D7C2C838F22F /* Pods-WorkItUITests.release.xcconfig */ = {isa = PBXFileReference; includeInIndex = 1; lastKnownFileType = text.xcconfig; name = "Pods-WorkItUITests.release.xcconfig"; path = "Pods/Target Support Files/Pods-WorkItUITests/Pods-WorkItUITests.release.xcconfig"; sourceTree = "<group>"; };
		E9AC6E227E875F350040F2AC /* Pods-WorkItTests.debug.xcconfig */ = {isa = PBXFileReference; includeInIndex = 1; lastKnownFileType = text.xcconfig; name = "Pods-WorkItTests.debug.xcconfig"; path = "Pods/Target Support Files/Pods-WorkItTests/Pods-WorkItTests.debug.xcconfig"; sourceTree = "<group>"; };
		F4A09FC599966EB56D03357A /* Pods_WorkItUITests.framework */ = {isa = PBXFileReference; explicitFileType = wrapper.framework; includeInIndex = 0; path = Pods_WorkItUITests.framework; sourceTree = BUILT_PRODUCTS_DIR; };
		F90131F01DFCB1321586EB25 /* Pods-WorkItTests.release.xcconfig */ = {isa = PBXFileReference; includeInIndex = 1; lastKnownFileType = text.xcconfig; name = "Pods-WorkItTests.release.xcconfig"; path = "Pods/Target Support Files/Pods-WorkItTests/Pods-WorkItTests.release.xcconfig"; sourceTree = "<group>"; };
		FFF5033E74E5DBED3219FFFC /* Pods-WorkIt.debug.xcconfig */ = {isa = PBXFileReference; includeInIndex = 1; lastKnownFileType = text.xcconfig; name = "Pods-WorkIt.debug.xcconfig"; path = "Pods/Target Support Files/Pods-WorkIt/Pods-WorkIt.debug.xcconfig"; sourceTree = "<group>"; };
/* End PBXFileReference section */

/* Begin PBXFrameworksBuildPhase section */
		3A012CC21DDEDFB80035329C /* Frameworks */ = {
			isa = PBXFrameworksBuildPhase;
			buildActionMask = 2147483647;
			files = (
				4272A72C16C8732F295AB429 /* Pods_WorkIt.framework in Frameworks */,
			);
			runOnlyForDeploymentPostprocessing = 0;
		};
		3A012CD61DDEDFB80035329C /* Frameworks */ = {
			isa = PBXFrameworksBuildPhase;
			buildActionMask = 2147483647;
			files = (
				A559722052B300669207EDBF /* Pods_WorkItTests.framework in Frameworks */,
			);
			runOnlyForDeploymentPostprocessing = 0;
		};
		3A012CE11DDEDFB80035329C /* Frameworks */ = {
			isa = PBXFrameworksBuildPhase;
			buildActionMask = 2147483647;
			files = (
				50524773C61A24922A4C3DB5 /* Pods_WorkItUITests.framework in Frameworks */,
			);
			runOnlyForDeploymentPostprocessing = 0;
		};
/* End PBXFrameworksBuildPhase section */

/* Begin PBXGroup section */
		10C4758A1F6658F841BFC85A /* Frameworks */ = {
			isa = PBXGroup;
			children = (
				3A125E201DE9645B0082AAC5 /* FBSDKCoreKit.framework */,
				3A125E1E1DE9644C0082AAC5 /* FBSDKLoginKit.framework */,
				389C02E5ADAB419516002B15 /* Pods_WorkIt.framework */,
				94551FADFFBD105D7EF6ACAA /* Pods_WorkItTests.framework */,
				F4A09FC599966EB56D03357A /* Pods_WorkItUITests.framework */,
			);
			name = Frameworks;
			sourceTree = "<group>";
		};
		3A012CBC1DDEDFB80035329C = {
			isa = PBXGroup;
			children = (
				3A012CC71DDEDFB80035329C /* WorkIt */,
				3A012CDC1DDEDFB80035329C /* WorkItTests */,
				3A012CE71DDEDFB80035329C /* WorkItUITests */,
				3A012CC61DDEDFB80035329C /* Products */,
				91E28C25412D770684BB2F4F /* Pods */,
				10C4758A1F6658F841BFC85A /* Frameworks */,
			);
			sourceTree = "<group>";
		};
		3A012CC61DDEDFB80035329C /* Products */ = {
			isa = PBXGroup;
			children = (
				3A012CC51DDEDFB80035329C /* WorkIt.app */,
				3A012CD91DDEDFB80035329C /* WorkItTests.xctest */,
				3A012CE41DDEDFB80035329C /* WorkItUITests.xctest */,
			);
			name = Products;
			sourceTree = "<group>";
		};
		3A012CC71DDEDFB80035329C /* WorkIt */ = {
			isa = PBXGroup;
			children = (
				3A125E241DE974B20082AAC5 /* WorkIt.entitlements */,
				3A012CC81DDEDFB80035329C /* AppDelegate.swift */,
				3A012CCA1DDEDFB80035329C /* TrackingViewController.swift */,
				3A012CCC1DDEDFB80035329C /* Main.storyboard */,
				3A012CCF1DDEDFB80035329C /* Assets.xcassets */,
				3A012CD11DDEDFB80035329C /* LaunchScreen.storyboard */,
				3A012CD41DDEDFB80035329C /* Info.plist */,
				3A012CF61DE0DCA60035329C /* WorkoutLogViewController.swift */,
				3AEEAC791DE522E000F6F026 /* ProfileViewController.swift */,
				3AEEAC7B1DE5232600F6F026 /* NearbyViewController.swift */,
				3AEEAC7D1DE5234800F6F026 /* GoalsViewController.swift */,
				3AEEAC7F1DE525A900F6F026 /* CustomExerciseViewController.swift */,
				3A332C301DE574CB009BF666 /* EditProfileViewController.swift */,
				3A125E221DE968430082AAC5 /* LoginViewController.swift */,
				3A5331261DF779DA00C47C17 /* NearbyPlaces.swift */,
				3AFA1CB61DF8C94E0020B2B8 /* Exercises.swift */,
				BF9F42DD22D5B8E40062A3BE /* WorkIt.xcdatamodeld */,
				BFB2688522D8129900C6806E /* GoalsCollectionReusableView.swift */,
				BFB2688722D87A8300C6806E /* Pasadena.gpx */,
			);
			path = WorkIt;
			sourceTree = "<group>";
		};
		3A012CDC1DDEDFB80035329C /* WorkItTests */ = {
			isa = PBXGroup;
			children = (
				3A012CDD1DDEDFB80035329C /* WorkItTests.swift */,
				3A012CDF1DDEDFB80035329C /* Info.plist */,
			);
			path = WorkItTests;
			sourceTree = "<group>";
		};
		3A012CE71DDEDFB80035329C /* WorkItUITests */ = {
			isa = PBXGroup;
			children = (
				3A012CE81DDEDFB80035329C /* WorkItUITests.swift */,
				3A012CEA1DDEDFB80035329C /* Info.plist */,
			);
			path = WorkItUITests;
			sourceTree = "<group>";
		};
		91E28C25412D770684BB2F4F /* Pods */ = {
			isa = PBXGroup;
			children = (
				FFF5033E74E5DBED3219FFFC /* Pods-WorkIt.debug.xcconfig */,
				77B6625BCE4D6AE539B0DABF /* Pods-WorkIt.release.xcconfig */,
				E9AC6E227E875F350040F2AC /* Pods-WorkItTests.debug.xcconfig */,
				F90131F01DFCB1321586EB25 /* Pods-WorkItTests.release.xcconfig */,
				5AE788B0A96E138DAA2652E0 /* Pods-WorkItUITests.debug.xcconfig */,
				E1E2E0C78BA7D7C2C838F22F /* Pods-WorkItUITests.release.xcconfig */,
			);
			name = Pods;
			sourceTree = "<group>";
		};
/* End PBXGroup section */

/* Begin PBXNativeTarget section */
		3A012CC41DDEDFB80035329C /* WorkIt */ = {
			isa = PBXNativeTarget;
			buildConfigurationList = 3A012CED1DDEDFB80035329C /* Build configuration list for PBXNativeTarget "WorkIt" */;
			buildPhases = (
				C1870E227FAF06EA9F874156 /* [CP] Check Pods Manifest.lock */,
				3A012CC11DDEDFB80035329C /* Sources */,
				3A012CC21DDEDFB80035329C /* Frameworks */,
				3A012CC31DDEDFB80035329C /* Resources */,
				C403F0A44BC0225F23DBAA1C /* [CP] Embed Pods Frameworks */,
				86FE98FA610A2A13EF90E837 /* [CP] Copy Pods Resources */,
			);
			buildRules = (
			);
			dependencies = (
			);
			name = WorkIt;
			productName = WorkIt;
			productReference = 3A012CC51DDEDFB80035329C /* WorkIt.app */;
			productType = "com.apple.product-type.application";
		};
		3A012CD81DDEDFB80035329C /* WorkItTests */ = {
			isa = PBXNativeTarget;
			buildConfigurationList = 3A012CF01DDEDFB80035329C /* Build configuration list for PBXNativeTarget "WorkItTests" */;
			buildPhases = (
				0DB13185F4DB76B99898FC4A /* [CP] Check Pods Manifest.lock */,
				3A012CD51DDEDFB80035329C /* Sources */,
				3A012CD61DDEDFB80035329C /* Frameworks */,
				3A012CD71DDEDFB80035329C /* Resources */,
			);
			buildRules = (
			);
			dependencies = (
				3A012CDB1DDEDFB80035329C /* PBXTargetDependency */,
			);
			name = WorkItTests;
			productName = WorkItTests;
			productReference = 3A012CD91DDEDFB80035329C /* WorkItTests.xctest */;
			productType = "com.apple.product-type.bundle.unit-test";
		};
		3A012CE31DDEDFB80035329C /* WorkItUITests */ = {
			isa = PBXNativeTarget;
			buildConfigurationList = 3A012CF31DDEDFB80035329C /* Build configuration list for PBXNativeTarget "WorkItUITests" */;
			buildPhases = (
				518F3693EE4714C3D25E30B6 /* [CP] Check Pods Manifest.lock */,
				3A012CE01DDEDFB80035329C /* Sources */,
				3A012CE11DDEDFB80035329C /* Frameworks */,
				3A012CE21DDEDFB80035329C /* Resources */,
			);
			buildRules = (
			);
			dependencies = (
				3A012CE61DDEDFB80035329C /* PBXTargetDependency */,
			);
			name = WorkItUITests;
			productName = WorkItUITests;
			productReference = 3A012CE41DDEDFB80035329C /* WorkItUITests.xctest */;
			productType = "com.apple.product-type.bundle.ui-testing";
		};
/* End PBXNativeTarget section */

/* Begin PBXProject section */
		3A012CBD1DDEDFB80035329C /* Project object */ = {
			isa = PBXProject;
			attributes = {
				LastSwiftUpdateCheck = 0810;
				LastUpgradeCheck = 1020;
				ORGANIZATIONNAME = "Nicholas L Caceres";
				TargetAttributes = {
					3A012CC41DDEDFB80035329C = {
						CreatedOnToolsVersion = 8.1;
						DevelopmentTeam = PR3C2XAGNG;
						ProvisioningStyle = Automatic;
						SystemCapabilities = {
							com.apple.Keychain = {
								enabled = 1;
							};
						};
					};
					3A012CD81DDEDFB80035329C = {
						CreatedOnToolsVersion = 8.1;
						ProvisioningStyle = Automatic;
						TestTargetID = 3A012CC41DDEDFB80035329C;
					};
					3A012CE31DDEDFB80035329C = {
						CreatedOnToolsVersion = 8.1;
						ProvisioningStyle = Automatic;
						TestTargetID = 3A012CC41DDEDFB80035329C;
					};
				};
			};
			buildConfigurationList = 3A012CC01DDEDFB80035329C /* Build configuration list for PBXProject "WorkIt" */;
			compatibilityVersion = "Xcode 3.2";
			developmentRegion = en;
			hasScannedForEncodings = 0;
			knownRegions = (
				en,
				Base,
			);
			mainGroup = 3A012CBC1DDEDFB80035329C;
			productRefGroup = 3A012CC61DDEDFB80035329C /* Products */;
			projectDirPath = "";
			projectRoot = "";
			targets = (
				3A012CC41DDEDFB80035329C /* WorkIt */,
				3A012CD81DDEDFB80035329C /* WorkItTests */,
				3A012CE31DDEDFB80035329C /* WorkItUITests */,
			);
		};
/* End PBXProject section */

/* Begin PBXResourcesBuildPhase section */
		3A012CC31DDEDFB80035329C /* Resources */ = {
			isa = PBXResourcesBuildPhase;
			buildActionMask = 2147483647;
			files = (
				3A012CD31DDEDFB80035329C /* LaunchScreen.storyboard in Resources */,
				3A012CD01DDEDFB80035329C /* Assets.xcassets in Resources */,
				3A012CCE1DDEDFB80035329C /* Main.storyboard in Resources */,
			);
			runOnlyForDeploymentPostprocessing = 0;
		};
		3A012CD71DDEDFB80035329C /* Resources */ = {
			isa = PBXResourcesBuildPhase;
			buildActionMask = 2147483647;
			files = (
			);
			runOnlyForDeploymentPostprocessing = 0;
		};
		3A012CE21DDEDFB80035329C /* Resources */ = {
			isa = PBXResourcesBuildPhase;
			buildActionMask = 2147483647;
			files = (
			);
			runOnlyForDeploymentPostprocessing = 0;
		};
/* End PBXResourcesBuildPhase section */

/* Begin PBXShellScriptBuildPhase section */
		0DB13185F4DB76B99898FC4A /* [CP] Check Pods Manifest.lock */ = {
			isa = PBXShellScriptBuildPhase;
			buildActionMask = 2147483647;
			files = (
			);
			inputPaths = (
				"${PODS_PODFILE_DIR_PATH}/Podfile.lock",
				"${PODS_ROOT}/Manifest.lock",
			);
			name = "[CP] Check Pods Manifest.lock";
			outputPaths = (
				"$(DERIVED_FILE_DIR)/Pods-WorkItTests-checkManifestLockResult.txt",
			);
			runOnlyForDeploymentPostprocessing = 0;
			shellPath = /bin/sh;
			shellScript = "diff \"${PODS_PODFILE_DIR_PATH}/Podfile.lock\" \"${PODS_ROOT}/Manifest.lock\" > /dev/null\nif [ $? != 0 ] ; then\n    # print error to STDERR\n    echo \"error: The sandbox is not in sync with the Podfile.lock. Run 'pod install' or update your CocoaPods installation.\" >&2\n    exit 1\nfi\n# This output is used by Xcode 'outputs' to avoid re-running this script phase.\necho \"SUCCESS\" > \"${SCRIPT_OUTPUT_FILE_0}\"\n";
			showEnvVarsInLog = 0;
		};
		518F3693EE4714C3D25E30B6 /* [CP] Check Pods Manifest.lock */ = {
			isa = PBXShellScriptBuildPhase;
			buildActionMask = 2147483647;
			files = (
			);
			inputPaths = (
				"${PODS_PODFILE_DIR_PATH}/Podfile.lock",
				"${PODS_ROOT}/Manifest.lock",
			);
			name = "[CP] Check Pods Manifest.lock";
			outputPaths = (
				"$(DERIVED_FILE_DIR)/Pods-WorkItUITests-checkManifestLockResult.txt",
			);
			runOnlyForDeploymentPostprocessing = 0;
			shellPath = /bin/sh;
			shellScript = "diff \"${PODS_PODFILE_DIR_PATH}/Podfile.lock\" \"${PODS_ROOT}/Manifest.lock\" > /dev/null\nif [ $? != 0 ] ; then\n    # print error to STDERR\n    echo \"error: The sandbox is not in sync with the Podfile.lock. Run 'pod install' or update your CocoaPods installation.\" >&2\n    exit 1\nfi\n# This output is used by Xcode 'outputs' to avoid re-running this script phase.\necho \"SUCCESS\" > \"${SCRIPT_OUTPUT_FILE_0}\"\n";
			showEnvVarsInLog = 0;
		};
		86FE98FA610A2A13EF90E837 /* [CP] Copy Pods Resources */ = {
			isa = PBXShellScriptBuildPhase;
			buildActionMask = 2147483647;
			files = (
			);
			inputPaths = (
				"${PODS_ROOT}/Target Support Files/Pods-WorkIt/Pods-WorkIt-resources.sh",
				"${PODS_ROOT}/GoogleMaps/Maps/Frameworks/GoogleMaps.framework/Resources/GoogleMaps.bundle",
				"${PODS_ROOT}/GooglePlacePicker/Frameworks/GooglePlacePicker.framework/Resources/GooglePlacePicker.bundle",
				"${PODS_ROOT}/GooglePlaces/Frameworks/GooglePlaces.framework/Resources/GooglePlaces.bundle",
				"${PODS_ROOT}/GoogleSignIn/Resources/GoogleSignIn.bundle",
			);
			name = "[CP] Copy Pods Resources";
			outputPaths = (
				"${TARGET_BUILD_DIR}/${UNLOCALIZED_RESOURCES_FOLDER_PATH}/GoogleMaps.bundle",
				"${TARGET_BUILD_DIR}/${UNLOCALIZED_RESOURCES_FOLDER_PATH}/GooglePlacePicker.bundle",
				"${TARGET_BUILD_DIR}/${UNLOCALIZED_RESOURCES_FOLDER_PATH}/GooglePlaces.bundle",
				"${TARGET_BUILD_DIR}/${UNLOCALIZED_RESOURCES_FOLDER_PATH}/GoogleSignIn.bundle",
			);
			runOnlyForDeploymentPostprocessing = 0;
			shellPath = /bin/sh;
			shellScript = "\"${PODS_ROOT}/Target Support Files/Pods-WorkIt/Pods-WorkIt-resources.sh\"\n";
			showEnvVarsInLog = 0;
		};
		C1870E227FAF06EA9F874156 /* [CP] Check Pods Manifest.lock */ = {
			isa = PBXShellScriptBuildPhase;
			buildActionMask = 2147483647;
			files = (
			);
			inputPaths = (
				"${PODS_PODFILE_DIR_PATH}/Podfile.lock",
				"${PODS_ROOT}/Manifest.lock",
			);
			name = "[CP] Check Pods Manifest.lock";
			outputPaths = (
				"$(DERIVED_FILE_DIR)/Pods-WorkIt-checkManifestLockResult.txt",
			);
			runOnlyForDeploymentPostprocessing = 0;
			shellPath = /bin/sh;
			shellScript = "diff \"${PODS_PODFILE_DIR_PATH}/Podfile.lock\" \"${PODS_ROOT}/Manifest.lock\" > /dev/null\nif [ $? != 0 ] ; then\n    # print error to STDERR\n    echo \"error: The sandbox is not in sync with the Podfile.lock. Run 'pod install' or update your CocoaPods installation.\" >&2\n    exit 1\nfi\n# This output is used by Xcode 'outputs' to avoid re-running this script phase.\necho \"SUCCESS\" > \"${SCRIPT_OUTPUT_FILE_0}\"\n";
			showEnvVarsInLog = 0;
		};
		C403F0A44BC0225F23DBAA1C /* [CP] Embed Pods Frameworks */ = {
			isa = PBXShellScriptBuildPhase;
			buildActionMask = 2147483647;
			files = (
			);
			inputPaths = (
				"${PODS_ROOT}/Target Support Files/Pods-WorkIt/Pods-WorkIt-frameworks.sh",
				"${BUILT_PRODUCTS_DIR}/GTMSessionFetcher/GTMSessionFetcher.framework",
				"${BUILT_PRODUCTS_DIR}/GoogleToolboxForMac/GoogleToolboxForMac.framework",
				"${BUILT_PRODUCTS_DIR}/SwiftyJSON/SwiftyJSON.framework",
			);
			name = "[CP] Embed Pods Frameworks";
			outputPaths = (
				"${TARGET_BUILD_DIR}/${FRAMEWORKS_FOLDER_PATH}/GTMSessionFetcher.framework",
				"${TARGET_BUILD_DIR}/${FRAMEWORKS_FOLDER_PATH}/GoogleToolboxForMac.framework",
				"${TARGET_BUILD_DIR}/${FRAMEWORKS_FOLDER_PATH}/SwiftyJSON.framework",
			);
			runOnlyForDeploymentPostprocessing = 0;
			shellPath = /bin/sh;
			shellScript = "\"${PODS_ROOT}/Target Support Files/Pods-WorkIt/Pods-WorkIt-frameworks.sh\"\n";
			showEnvVarsInLog = 0;
		};
/* End PBXShellScriptBuildPhase section */

/* Begin PBXSourcesBuildPhase section */
		3A012CC11DDEDFB80035329C /* Sources */ = {
			isa = PBXSourcesBuildPhase;
			buildActionMask = 2147483647;
			files = (
				3A5331271DF779DA00C47C17 /* NearbyPlaces.swift in Sources */,
				3AFA1CB71DF8C94E0020B2B8 /* Exercises.swift in Sources */,
				3A125E231DE968430082AAC5 /* LoginViewController.swift in Sources */,
				3A332C311DE574CB009BF666 /* EditProfileViewController.swift in Sources */,
				3A012CCB1DDEDFB80035329C /* TrackingViewController.swift in Sources */,
				3A012CF71DE0DCA60035329C /* WorkoutLogViewController.swift in Sources */,
				3AEEAC7C1DE5232600F6F026 /* NearbyViewController.swift in Sources */,
				3AEEAC7A1DE522E000F6F026 /* ProfileViewController.swift in Sources */,
				3A012CC91DDEDFB80035329C /* AppDelegate.swift in Sources */,
				BFB2688622D8129900C6806E /* GoalsCollectionReusableView.swift in Sources */,
				3AEEAC7E1DE5234800F6F026 /* GoalsViewController.swift in Sources */,
				BF9F42DF22D5B8E40062A3BE /* WorkIt.xcdatamodeld in Sources */,
				3AEEAC801DE525A900F6F026 /* CustomExerciseViewController.swift in Sources */,
			);
			runOnlyForDeploymentPostprocessing = 0;
		};
		3A012CD51DDEDFB80035329C /* Sources */ = {
			isa = PBXSourcesBuildPhase;
			buildActionMask = 2147483647;
			files = (
				3A012CDE1DDEDFB80035329C /* WorkItTests.swift in Sources */,
			);
			runOnlyForDeploymentPostprocessing = 0;
		};
		3A012CE01DDEDFB80035329C /* Sources */ = {
			isa = PBXSourcesBuildPhase;
			buildActionMask = 2147483647;
			files = (
				3A012CE91DDEDFB80035329C /* WorkItUITests.swift in Sources */,
			);
			runOnlyForDeploymentPostprocessing = 0;
		};
/* End PBXSourcesBuildPhase section */

/* Begin PBXTargetDependency section */
		3A012CDB1DDEDFB80035329C /* PBXTargetDependency */ = {
			isa = PBXTargetDependency;
			target = 3A012CC41DDEDFB80035329C /* WorkIt */;
			targetProxy = 3A012CDA1DDEDFB80035329C /* PBXContainerItemProxy */;
		};
		3A012CE61DDEDFB80035329C /* PBXTargetDependency */ = {
			isa = PBXTargetDependency;
			target = 3A012CC41DDEDFB80035329C /* WorkIt */;
			targetProxy = 3A012CE51DDEDFB80035329C /* PBXContainerItemProxy */;
		};
/* End PBXTargetDependency section */

/* Begin PBXVariantGroup section */
		3A012CCC1DDEDFB80035329C /* Main.storyboard */ = {
			isa = PBXVariantGroup;
			children = (
				3A012CCD1DDEDFB80035329C /* Base */,
			);
			name = Main.storyboard;
			sourceTree = "<group>";
		};
		3A012CD11DDEDFB80035329C /* LaunchScreen.storyboard */ = {
			isa = PBXVariantGroup;
			children = (
				3A012CD21DDEDFB80035329C /* Base */,
			);
			name = LaunchScreen.storyboard;
			sourceTree = "<group>";
		};
/* End PBXVariantGroup section */

/* Begin XCBuildConfiguration section */
		3A012CEB1DDEDFB80035329C /* Debug */ = {
			isa = XCBuildConfiguration;
			buildSettings = {
				ALWAYS_SEARCH_USER_PATHS = NO;
				CLANG_ANALYZER_LOCALIZABILITY_NONLOCALIZED = YES;
				CLANG_ANALYZER_NONNULL = YES;
				CLANG_CXX_LANGUAGE_STANDARD = "gnu++0x";
				CLANG_CXX_LIBRARY = "libc++";
				CLANG_ENABLE_MODULES = YES;
				CLANG_ENABLE_OBJC_ARC = YES;
				CLANG_WARN_BLOCK_CAPTURE_AUTORELEASING = YES;
				CLANG_WARN_BOOL_CONVERSION = YES;
				CLANG_WARN_COMMA = YES;
				CLANG_WARN_CONSTANT_CONVERSION = YES;
				CLANG_WARN_DEPRECATED_OBJC_IMPLEMENTATIONS = YES;
				CLANG_WARN_DIRECT_OBJC_ISA_USAGE = YES_ERROR;
				CLANG_WARN_DOCUMENTATION_COMMENTS = YES;
				CLANG_WARN_EMPTY_BODY = YES;
				CLANG_WARN_ENUM_CONVERSION = YES;
				CLANG_WARN_INFINITE_RECURSION = YES;
				CLANG_WARN_INT_CONVERSION = YES;
				CLANG_WARN_NON_LITERAL_NULL_CONVERSION = YES;
				CLANG_WARN_OBJC_IMPLICIT_RETAIN_SELF = YES;
				CLANG_WARN_OBJC_LITERAL_CONVERSION = YES;
				CLANG_WARN_OBJC_ROOT_CLASS = YES_ERROR;
				CLANG_WARN_RANGE_LOOP_ANALYSIS = YES;
				CLANG_WARN_STRICT_PROTOTYPES = YES;
				CLANG_WARN_SUSPICIOUS_MOVE = YES;
				CLANG_WARN_SUSPICIOUS_MOVES = YES;
				CLANG_WARN_UNREACHABLE_CODE = YES;
				CLANG_WARN__DUPLICATE_METHOD_MATCH = YES;
				"CODE_SIGN_IDENTITY[sdk=iphoneos*]" = "iPhone Developer";
				COPY_PHASE_STRIP = NO;
				DEBUG_INFORMATION_FORMAT = dwarf;
				ENABLE_STRICT_OBJC_MSGSEND = YES;
				ENABLE_TESTABILITY = YES;
				FRAMEWORK_SEARCH_PATHS = "$(SRCROOT)/**";
				GCC_C_LANGUAGE_STANDARD = gnu99;
				GCC_DYNAMIC_NO_PIC = NO;
				GCC_NO_COMMON_BLOCKS = YES;
				GCC_OPTIMIZATION_LEVEL = 0;
				GCC_PREPROCESSOR_DEFINITIONS = (
					"DEBUG=1",
					"$(inherited)",
				);
				GCC_WARN_64_TO_32_BIT_CONVERSION = YES;
				GCC_WARN_ABOUT_RETURN_TYPE = YES_ERROR;
				GCC_WARN_UNDECLARED_SELECTOR = YES;
				GCC_WARN_UNINITIALIZED_AUTOS = YES_AGGRESSIVE;
				GCC_WARN_UNUSED_FUNCTION = YES;
				GCC_WARN_UNUSED_VARIABLE = YES;
				IPHONEOS_DEPLOYMENT_TARGET = 10.1;
				MTL_ENABLE_DEBUG_INFO = YES;
				ONLY_ACTIVE_ARCH = YES;
				SDKROOT = iphoneos;
				SWIFT_ACTIVE_COMPILATION_CONDITIONS = DEBUG;
				SWIFT_OPTIMIZATION_LEVEL = "-Onone";
				SWIFT_VERSION = 5.0;
				TARGETED_DEVICE_FAMILY = "1,2";
			};
			name = Debug;
		};
		3A012CEC1DDEDFB80035329C /* Release */ = {
			isa = XCBuildConfiguration;
			buildSettings = {
				ALWAYS_SEARCH_USER_PATHS = NO;
				CLANG_ANALYZER_LOCALIZABILITY_NONLOCALIZED = YES;
				CLANG_ANALYZER_NONNULL = YES;
				CLANG_CXX_LANGUAGE_STANDARD = "gnu++0x";
				CLANG_CXX_LIBRARY = "libc++";
				CLANG_ENABLE_MODULES = YES;
				CLANG_ENABLE_OBJC_ARC = YES;
				CLANG_WARN_BLOCK_CAPTURE_AUTORELEASING = YES;
				CLANG_WARN_BOOL_CONVERSION = YES;
				CLANG_WARN_COMMA = YES;
				CLANG_WARN_CONSTANT_CONVERSION = YES;
				CLANG_WARN_DEPRECATED_OBJC_IMPLEMENTATIONS = YES;
				CLANG_WARN_DIRECT_OBJC_ISA_USAGE = YES_ERROR;
				CLANG_WARN_DOCUMENTATION_COMMENTS = YES;
				CLANG_WARN_EMPTY_BODY = YES;
				CLANG_WARN_ENUM_CONVERSION = YES;
				CLANG_WARN_INFINITE_RECURSION = YES;
				CLANG_WARN_INT_CONVERSION = YES;
				CLANG_WARN_NON_LITERAL_NULL_CONVERSION = YES;
				CLANG_WARN_OBJC_IMPLICIT_RETAIN_SELF = YES;
				CLANG_WARN_OBJC_LITERAL_CONVERSION = YES;
				CLANG_WARN_OBJC_ROOT_CLASS = YES_ERROR;
				CLANG_WARN_RANGE_LOOP_ANALYSIS = YES;
				CLANG_WARN_STRICT_PROTOTYPES = YES;
				CLANG_WARN_SUSPICIOUS_MOVE = YES;
				CLANG_WARN_SUSPICIOUS_MOVES = YES;
				CLANG_WARN_UNREACHABLE_CODE = YES;
				CLANG_WARN__DUPLICATE_METHOD_MATCH = YES;
				"CODE_SIGN_IDENTITY[sdk=iphoneos*]" = "iPhone Developer";
				COPY_PHASE_STRIP = NO;
				DEBUG_INFORMATION_FORMAT = "dwarf-with-dsym";
				ENABLE_NS_ASSERTIONS = NO;
				ENABLE_STRICT_OBJC_MSGSEND = YES;
				FRAMEWORK_SEARCH_PATHS = "$(SRCROOT)/**";
				GCC_C_LANGUAGE_STANDARD = gnu99;
				GCC_NO_COMMON_BLOCKS = YES;
				GCC_WARN_64_TO_32_BIT_CONVERSION = YES;
				GCC_WARN_ABOUT_RETURN_TYPE = YES_ERROR;
				GCC_WARN_UNDECLARED_SELECTOR = YES;
				GCC_WARN_UNINITIALIZED_AUTOS = YES_AGGRESSIVE;
				GCC_WARN_UNUSED_FUNCTION = YES;
				GCC_WARN_UNUSED_VARIABLE = YES;
				IPHONEOS_DEPLOYMENT_TARGET = 10.1;
				MTL_ENABLE_DEBUG_INFO = NO;
				SDKROOT = iphoneos;
				SWIFT_OPTIMIZATION_LEVEL = "-Owholemodule";
				SWIFT_VERSION = 5.0;
				TARGETED_DEVICE_FAMILY = "1,2";
				VALIDATE_PRODUCT = YES;
			};
			name = Release;
		};
		3A012CEE1DDEDFB80035329C /* Debug */ = {
			isa = XCBuildConfiguration;
			baseConfigurationReference = FFF5033E74E5DBED3219FFFC /* Pods-WorkIt.debug.xcconfig */;
			buildSettings = {
				ALWAYS_EMBED_SWIFT_STANDARD_LIBRARIES = YES;
				ASSETCATALOG_COMPILER_APPICON_NAME = AppIcon;
				CODE_SIGN_ENTITLEMENTS = WorkIt/WorkIt.entitlements;
				DEVELOPMENT_TEAM = PR3C2XAGNG;
				INFOPLIST_FILE = WorkIt/Info.plist;
				IPHONEOS_DEPLOYMENT_TARGET = 12.2;
				LD_RUNPATH_SEARCH_PATHS = "$(inherited) @executable_path/Frameworks";
				PRODUCT_BUNDLE_IDENTIFIER = usc.edu.WorkIt;
				PRODUCT_NAME = "$(TARGET_NAME)";
				SWIFT_VERSION = 5.0;
			};
			name = Debug;
		};
		3A012CEF1DDEDFB80035329C /* Release */ = {
			isa = XCBuildConfiguration;
			baseConfigurationReference = 77B6625BCE4D6AE539B0DABF /* Pods-WorkIt.release.xcconfig */;
			buildSettings = {
				ALWAYS_EMBED_SWIFT_STANDARD_LIBRARIES = YES;
				ASSETCATALOG_COMPILER_APPICON_NAME = AppIcon;
				CODE_SIGN_ENTITLEMENTS = WorkIt/WorkIt.entitlements;
				DEVELOPMENT_TEAM = PR3C2XAGNG;
				INFOPLIST_FILE = WorkIt/Info.plist;
				IPHONEOS_DEPLOYMENT_TARGET = 12.2;
				LD_RUNPATH_SEARCH_PATHS = "$(inherited) @executable_path/Frameworks";
				PRODUCT_BUNDLE_IDENTIFIER = usc.edu.WorkIt;
				PRODUCT_NAME = "$(TARGET_NAME)";
				SWIFT_VERSION = 5.0;
			};
			name = Release;
		};
		3A012CF11DDEDFB80035329C /* Debug */ = {
			isa = XCBuildConfiguration;
			baseConfigurationReference = E9AC6E227E875F350040F2AC /* Pods-WorkItTests.debug.xcconfig */;
			buildSettings = {
				ALWAYS_EMBED_SWIFT_STANDARD_LIBRARIES = YES;
				BUNDLE_LOADER = "$(TEST_HOST)";
				INFOPLIST_FILE = WorkItTests/Info.plist;
				LD_RUNPATH_SEARCH_PATHS = "$(inherited) @executable_path/Frameworks @loader_path/Frameworks";
				PRODUCT_BUNDLE_IDENTIFIER = usc.edu.WorkItTests;
				PRODUCT_NAME = "$(TARGET_NAME)";
				SWIFT_VERSION = 5.0;
				TEST_HOST = "$(BUILT_PRODUCTS_DIR)/WorkIt.app/WorkIt";
			};
			name = Debug;
		};
		3A012CF21DDEDFB80035329C /* Release */ = {
			isa = XCBuildConfiguration;
			baseConfigurationReference = F90131F01DFCB1321586EB25 /* Pods-WorkItTests.release.xcconfig */;
			buildSettings = {
				ALWAYS_EMBED_SWIFT_STANDARD_LIBRARIES = YES;
				BUNDLE_LOADER = "$(TEST_HOST)";
				INFOPLIST_FILE = WorkItTests/Info.plist;
				LD_RUNPATH_SEARCH_PATHS = "$(inherited) @executable_path/Frameworks @loader_path/Frameworks";
				PRODUCT_BUNDLE_IDENTIFIER = usc.edu.WorkItTests;
				PRODUCT_NAME = "$(TARGET_NAME)";
				SWIFT_VERSION = 5.0;
				TEST_HOST = "$(BUILT_PRODUCTS_DIR)/WorkIt.app/WorkIt";
			};
			name = Release;
		};
		3A012CF41DDEDFB80035329C /* Debug */ = {
			isa = XCBuildConfiguration;
			baseConfigurationReference = 5AE788B0A96E138DAA2652E0 /* Pods-WorkItUITests.debug.xcconfig */;
			buildSettings = {
				ALWAYS_EMBED_SWIFT_STANDARD_LIBRARIES = YES;
				INFOPLIST_FILE = WorkItUITests/Info.plist;
				LD_RUNPATH_SEARCH_PATHS = "$(inherited) @executable_path/Frameworks @loader_path/Frameworks";
				PRODUCT_BUNDLE_IDENTIFIER = usc.edu.WorkItUITests;
				PRODUCT_NAME = "$(TARGET_NAME)";
				SWIFT_VERSION = 5.0;
				TEST_TARGET_NAME = WorkIt;
			};
			name = Debug;
		};
		3A012CF51DDEDFB80035329C /* Release */ = {
			isa = XCBuildConfiguration;
			baseConfigurationReference = E1E2E0C78BA7D7C2C838F22F /* Pods-WorkItUITests.release.xcconfig */;
			buildSettings = {
				ALWAYS_EMBED_SWIFT_STANDARD_LIBRARIES = YES;
				INFOPLIST_FILE = WorkItUITests/Info.plist;
				LD_RUNPATH_SEARCH_PATHS = "$(inherited) @executable_path/Frameworks @loader_path/Frameworks";
				PRODUCT_BUNDLE_IDENTIFIER = usc.edu.WorkItUITests;
				PRODUCT_NAME = "$(TARGET_NAME)";
				SWIFT_VERSION = 5.0;
				TEST_TARGET_NAME = WorkIt;
			};
			name = Release;
		};
/* End XCBuildConfiguration section */

/* Begin XCConfigurationList section */
		3A012CC01DDEDFB80035329C /* Build configuration list for PBXProject "WorkIt" */ = {
			isa = XCConfigurationList;
			buildConfigurations = (
				3A012CEB1DDEDFB80035329C /* Debug */,
				3A012CEC1DDEDFB80035329C /* Release */,
			);
			defaultConfigurationIsVisible = 0;
			defaultConfigurationName = Release;
		};
		3A012CED1DDEDFB80035329C /* Build configuration list for PBXNativeTarget "WorkIt" */ = {
			isa = XCConfigurationList;
			buildConfigurations = (
				3A012CEE1DDEDFB80035329C /* Debug */,
				3A012CEF1DDEDFB80035329C /* Release */,
			);
			defaultConfigurationIsVisible = 0;
			defaultConfigurationName = Release;
		};
		3A012CF01DDEDFB80035329C /* Build configuration list for PBXNativeTarget "WorkItTests" */ = {
			isa = XCConfigurationList;
			buildConfigurations = (
				3A012CF11DDEDFB80035329C /* Debug */,
				3A012CF21DDEDFB80035329C /* Release */,
			);
			defaultConfigurationIsVisible = 0;
			defaultConfigurationName = Release;
		};
		3A012CF31DDEDFB80035329C /* Build configuration list for PBXNativeTarget "WorkItUITests" */ = {
			isa = XCConfigurationList;
			buildConfigurations = (
				3A012CF41DDEDFB80035329C /* Debug */,
				3A012CF51DDEDFB80035329C /* Release */,
			);
			defaultConfigurationIsVisible = 0;
			defaultConfigurationName = Release;
		};
/* End XCConfigurationList section */

/* Begin XCVersionGroup section */
		BF9F42DD22D5B8E40062A3BE /* WorkIt.xcdatamodeld */ = {
			isa = XCVersionGroup;
			children = (
				BF9F42DE22D5B8E40062A3BE /* WorkIt.xcdatamodel */,
			);
			currentVersion = BF9F42DE22D5B8E40062A3BE /* WorkIt.xcdatamodel */;
			path = WorkIt.xcdatamodeld;
			sourceTree = "<group>";
			versionGroupType = wrapper.xcdatamodel;
		};
/* End XCVersionGroup section */
	};
	rootObject = 3A012CBD1DDEDFB80035329C /* Project object */;
}
